
Microsoft Visual Studio Solution File, Format Version 12.00
# Visual Studio 2012
Project("{2150E333-8FDC-42A3-9474-1A3956D46DE8}") = "SpellChecker", "SpellChecker", "{1045F3C5-DDCF-4767-9A5F-0CC95A255554}"
EndProject
Project("{8BC9CEB8-8B4A-11D0-8D11-00A0C91BC942}") = "norvig", "norvig\norvig.vcxproj", "{55B79F41-CEEF-4A19-BC77-68A3CB4ADCC6}"
EndProject
Project("{8BC9CEB8-8B4A-11D0-8D11-00A0C91BC942}") = "bk_tree", "bk_tree\bk_tree.vcxproj", "{3BF6D272-7E46-49CB-95D2-DD86D72D0B81}"
EndProject
Global
	GlobalSection(SolutionConfigurationPlatforms) = preSolution
		Debug|Win32 = Debug|Win32
		Release|Win32 = Release|Win32
	EndGlobalSection
	GlobalSection(ProjectConfigurationPlatforms) = postSolution
		{55B79F41-CEEF-4A19-BC77-68A3CB4ADCC6}.Debug|Win32.ActiveCfg = Debug|Win32
		{55B79F41-CEEF-4A19-BC77-68A3CB4ADCC6}.Debug|Win32.Build.0 = Debug|Win32
		{55B79F41-CEEF-4A19-BC77-68A3CB4ADCC6}.Release|Win32.ActiveCfg = Release|Win32
		{55B79F41-CEEF-4A19-BC77-68A3CB4ADCC6}.Release|Win32.Build.0 = Release|Win32
		{3BF6D272-7E46-49CB-95D2-DD86D72D0B81}.Debug|Win32.ActiveCfg = Debug|Win32
		{3BF6D272-7E46-49CB-95D2-DD86D72D0B81}.Debug|Win32.Build.0 = Debug|Win32
		{3BF6D272-7E46-49CB-95D2-DD86D72D0B81}.Release|Win32.ActiveCfg = Release|Win32
		{3BF6D272-7E46-49CB-95D2-DD86D72D0B81}.Release|Win32.Build.0 = Release|Win32
	EndGlobalSection
	GlobalSection(SolutionProperties) = preSolution
		HideSolutionNode = FALSE
	EndGlobalSection
	GlobalSection(NestedProjects) = preSolution
		{55B79F41-CEEF-4A19-BC77-68A3CB4ADCC6} = {1045F3C5-DDCF-4767-9A5F-0CC95A255554}
		{3BF6D272-7E46-49CB-95D2-DD86D72D0B81} = {1045F3C5-DDCF-4767-9A5F-0CC95A255554}
	EndGlobalSection
EndGlobal
